// !$*UTF8*$!
{
	archiveVersion = 1;
	classes = {
	};
	objectVersion = 46;
	objects = {

/* Begin PBXBuildFile section */
		4E0D07901D8E8840009C7FA9 /* main.m in Sources */ = {isa = PBXBuildFile; fileRef = 4E0D078F1D8E8840009C7FA9 /* main.m */; };
		4E0D07931D8E8840009C7FA9 /* AppDelegate.m in Sources */ = {isa = PBXBuildFile; fileRef = 4E0D07921D8E8840009C7FA9 /* AppDelegate.m */; };
		4E0D07961D8E8840009C7FA9 /* ViewController.m in Sources */ = {isa = PBXBuildFile; fileRef = 4E0D07951D8E8840009C7FA9 /* ViewController.m */; };
		4E0D07991D8E8840009C7FA9 /* Main.storyboard in Resources */ = {isa = PBXBuildFile; fileRef = 4E0D07971D8E8840009C7FA9 /* Main.storyboard */; };
		4E0D079B1D8E8840009C7FA9 /* Assets.xcassets in Resources */ = {isa = PBXBuildFile; fileRef = 4E0D079A1D8E8840009C7FA9 /* Assets.xcassets */; };
		4E0D079E1D8E8840009C7FA9 /* LaunchScreen.storyboard in Resources */ = {isa = PBXBuildFile; fileRef = 4E0D079C1D8E8840009C7FA9 /* LaunchScreen.storyboard */; };
		4E0D07A91D8E8840009C7FA9 /* Demo_BackgroundFetchTests.m in Sources */ = {isa = PBXBuildFile; fileRef = 4E0D07A81D8E8840009C7FA9 /* Demo_BackgroundFetchTests.m */; };
		4E0D07B41D8E8840009C7FA9 /* Demo_BackgroundFetchUITests.m in Sources */ = {isa = PBXBuildFile; fileRef = 4E0D07B31D8E8840009C7FA9 /* Demo_BackgroundFetchUITests.m */; };
/* End PBXBuildFile section */

/* Begin PBXContainerItemProxy section */
		4E0D07A51D8E8840009C7FA9 /* PBXContainerItemProxy */ = {
			isa = PBXContainerItemProxy;
			containerPortal = 4E0D07831D8E8840009C7FA9 /* Project object */;
			proxyType = 1;
			remoteGlobalIDString = 4E0D078A1D8E8840009C7FA9;
			remoteInfo = Demo_BackgroundFetch;
		};
		4E0D07B01D8E8840009C7FA9 /* PBXContainerItemProxy */ = {
			isa = PBXContainerItemProxy;
			containerPortal = 4E0D07831D8E8840009C7FA9 /* Project object */;
			proxyType = 1;
			remoteGlobalIDString = 4E0D078A1D8E8840009C7FA9;
			remoteInfo = Demo_BackgroundFetch;
		};
/* End PBXContainerItemProxy section */

/* Begin PBXFileReference section */
		4E0D078B1D8E8840009C7FA9 /* Demo_BackgroundFetch.app */ = {isa = PBXFileReference; explicitFileType = wrapper.application; includeInIndex = 0; path = Demo_BackgroundFetch.app; sourceTree = BUILT_PRODUCTS_DIR; };
		4E0D078F1D8E8840009C7FA9 /* main.m */ = {isa = PBXFileReference; lastKnownFileType = sourcecode.c.objc; path = main.m; sourceTree = "<group>"; };
		4E0D07911D8E8840009C7FA9 /* AppDelegate.h */ = {isa = PBXFileReference; lastKnownFileType = sourcecode.c.h; path = AppDelegate.h; sourceTree = "<group>"; };
		4E0D07921D8E8840009C7FA9 /* AppDelegate.m */ = {isa = PBXFileReference; lastKnownFileType = sourcecode.c.objc; path = AppDelegate.m; sourceTree = "<group>"; };
		4E0D07941D8E8840009C7FA9 /* ViewController.h */ = {isa = PBXFileReference; lastKnownFileType = sourcecode.c.h; path = ViewController.h; sourceTree = "<group>"; };
		4E0D07951D8E8840009C7FA9 /* ViewController.m */ = {isa = PBXFileReference; lastKnownFileType = sourcecode.c.objc; path = ViewController.m; sourceTree = "<group>"; };
		4E0D07981D8E8840009C7FA9 /* Base */ = {isa = PBXFileReference; lastKnownFileType = file.storyboard; name = Base; path = Base.lproj/Main.storyboard; sourceTree = "<group>"; };
		4E0D079A1D8E8840009C7FA9 /* Assets.xcassets */ = {isa = PBXFileReference; lastKnownFileType = folder.assetcatalog; path = Assets.xcassets; sourceTree = "<group>"; };
		4E0D079D1D8E8840009C7FA9 /* Base */ = {isa = PBXFileReference; lastKnownFileType = file.storyboard; name = Base; path = Base.lproj/LaunchScreen.storyboard; sourceTree = "<group>"; };
		4E0D079F1D8E8840009C7FA9 /* Info.plist */ = {isa = PBXFileReference; lastKnownFileType = text.plist.xml; path = Info.plist; sourceTree = "<group>"; };
		4E0D07A41D8E8840009C7FA9 /* Demo_BackgroundFetchTests.xctest */ = {isa = PBXFileReference; explicitFileType = wrapper.cfbundle; includeInIndex = 0; path = Demo_BackgroundFetchTests.xctest; sourceTree = BUILT_PRODUCTS_DIR; };
		4E0D07A81D8E8840009C7FA9 /* Demo_BackgroundFetchTests.m */ = {isa = PBXFileReference; lastKnownFileType = sourcecode.c.objc; path = Demo_BackgroundFetchTests.m; sourceTree = "<group>"; };
		4E0D07AA1D8E8840009C7FA9 /* Info.plist */ = {isa = PBXFileReference; lastKnownFileType = text.plist.xml; path = Info.plist; sourceTree = "<group>"; };
		4E0D07AF1D8E8840009C7FA9 /* Demo_BackgroundFetchUITests.xctest */ = {isa = PBXFileReference; explicitFileType = wrapper.cfbundle; includeInIndex = 0; path = Demo_BackgroundFetchUITests.xctest; sourceTree = BUILT_PRODUCTS_DIR; };
		4E0D07B31D8E8840009C7FA9 /* Demo_BackgroundFetchUITests.m */ = {isa = PBXFileReference; lastKnownFileType = sourcecode.c.objc; path = Demo_BackgroundFetchUITests.m; sourceTree = "<group>"; };
		4E0D07B51D8E8840009C7FA9 /* Info.plist */ = {isa = PBXFileReference; lastKnownFileType = text.plist.xml; path = Info.plist; sourceTree = "<group>"; };
/* End PBXFileReference section */

/* Begin PBXFrameworksBuildPhase section */
		4E0D07881D8E8840009C7FA9 /* Frameworks */ = {
			isa = PBXFrameworksBuildPhase;
			buildActionMask = 2147483647;
			files = (
			);
			runOnlyForDeploymentPostprocessing = 0;
		};
		4E0D07A11D8E8840009C7FA9 /* Frameworks */ = {
			isa = PBXFrameworksBuildPhase;
			buildActionMask = 2147483647;
			files = (
			);
			runOnlyForDeploymentPostprocessing = 0;
		};
		4E0D07AC1D8E8840009C7FA9 /* Frameworks */ = {
			isa = PBXFrameworksBuildPhase;
			buildActionMask = 2147483647;
			files = (
			);
			runOnlyForDeploymentPostprocessing = 0;
		};
/* End PBXFrameworksBuildPhase section */

/* Begin PBXGroup section */
		4E0D07821D8E8840009C7FA9 = {
			isa = PBXGroup;
			children = (
				4E0D078D1D8E8840009C7FA9 /* Demo_BackgroundFetch */,
				4E0D07A71D8E8840009C7FA9 /* Demo_BackgroundFetchTests */,
				4E0D07B21D8E8840009C7FA9 /* Demo_BackgroundFetchUITests */,
				4E0D078C1D8E8840009C7FA9 /* Products */,
			);
			sourceTree = "<group>";
		};
		4E0D078C1D8E8840009C7FA9 /* Products */ = {
			isa = PBXGroup;
			children = (
				4E0D078B1D8E8840009C7FA9 /* Demo_BackgroundFetch.app */,
				4E0D07A41D8E8840009C7FA9 /* Demo_BackgroundFetchTests.xctest */,
				4E0D07AF1D8E8840009C7FA9 /* Demo_BackgroundFetchUITests.xctest */,
			);
			name = Products;
			sourceTree = "<group>";
		};
		4E0D078D1D8E8840009C7FA9 /* Demo_BackgroundFetch */ = {
			isa = PBXGroup;
			children = (
				4E0D07911D8E8840009C7FA9 /* AppDelegate.h */,
				4E0D07921D8E8840009C7FA9 /* AppDelegate.m */,
				4E0D07941D8E8840009C7FA9 /* ViewController.h */,
				4E0D07951D8E8840009C7FA9 /* ViewController.m */,
				4E0D07971D8E8840009C7FA9 /* Main.storyboard */,
				4E0D079A1D8E8840009C7FA9 /* Assets.xcassets */,
				4E0D079C1D8E8840009C7FA9 /* LaunchScreen.storyboard */,
				4E0D079F1D8E8840009C7FA9 /* Info.plist */,
				4E0D078E1D8E8840009C7FA9 /* Supporting Files */,
			);
			path = Demo_BackgroundFetch;
			sourceTree = "<group>";
		};
		4E0D078E1D8E8840009C7FA9 /* Supporting Files */ = {
			isa = PBXGroup;
			children = (
				4E0D078F1D8E8840009C7FA9 /* main.m */,
			);
			name = "Supporting Files";
			sourceTree = "<group>";
		};
		4E0D07A71D8E8840009C7FA9 /* Demo_BackgroundFetchTests */ = {
			isa = PBXGroup;
			children = (
				4E0D07A81D8E8840009C7FA9 /* Demo_BackgroundFetchTests.m */,
				4E0D07AA1D8E8840009C7FA9 /* Info.plist */,
			);
			path = Demo_BackgroundFetchTests;
			sourceTree = "<group>";
		};
		4E0D07B21D8E8840009C7FA9 /* Demo_BackgroundFetchUITests */ = {
			isa = PBXGroup;
			children = (
				4E0D07B31D8E8840009C7FA9 /* Demo_BackgroundFetchUITests.m */,
				4E0D07B51D8E8840009C7FA9 /* Info.plist */,
			);
			path = Demo_BackgroundFetchUITests;
			sourceTree = "<group>";
		};
/* End PBXGroup section */

/* Begin PBXNativeTarget section */
		4E0D078A1D8E8840009C7FA9 /* Demo_BackgroundFetch */ = {
			isa = PBXNativeTarget;
			buildConfigurationList = 4E0D07B81D8E8840009C7FA9 /* Build configuration list for PBXNativeTarget "Demo_BackgroundFetch" */;
			buildPhases = (
				4E0D07871D8E8840009C7FA9 /* Sources */,
				4E0D07881D8E8840009C7FA9 /* Frameworks */,
				4E0D07891D8E8840009C7FA9 /* Resources */,
			);
			buildRules = (
			);
			dependencies = (
			);
			name = Demo_BackgroundFetch;
			productName = Demo_BackgroundFetch;
			productReference = 4E0D078B1D8E8840009C7FA9 /* Demo_BackgroundFetch.app */;
			productType = "com.apple.product-type.application";
		};
		4E0D07A31D8E8840009C7FA9 /* Demo_BackgroundFetchTests */ = {
			isa = PBXNativeTarget;
			buildConfigurationList = 4E0D07BB1D8E8840009C7FA9 /* Build configuration list for PBXNativeTarget "Demo_BackgroundFetchTests" */;
			buildPhases = (
				4E0D07A01D8E8840009C7FA9 /* Sources */,
				4E0D07A11D8E8840009C7FA9 /* Frameworks */,
				4E0D07A21D8E8840009C7FA9 /* Resources */,
			);
			buildRules = (
			);
			dependencies = (
				4E0D07A61D8E8840009C7FA9 /* PBXTargetDependency */,
			);
			name = Demo_BackgroundFetchTests;
			productName = Demo_BackgroundFetchTests;
			productReference = 4E0D07A41D8E8840009C7FA9 /* Demo_BackgroundFetchTests.xctest */;
			productType = "com.apple.product-type.bundle.unit-test";
		};
		4E0D07AE1D8E8840009C7FA9 /* Demo_BackgroundFetchUITests */ = {
			isa = PBXNativeTarget;
			buildConfigurationList = 4E0D07BE1D8E8840009C7FA9 /* Build configuration list for PBXNativeTarget "Demo_BackgroundFetchUITests" */;
			buildPhases = (
				4E0D07AB1D8E8840009C7FA9 /* Sources */,
				4E0D07AC1D8E8840009C7FA9 /* Frameworks */,
				4E0D07AD1D8E8840009C7FA9 /* Resources */,
			);
			buildRules = (
			);
			dependencies = (
				4E0D07B11D8E8840009C7FA9 /* PBXTargetDependency */,
			);
			name = Demo_BackgroundFetchUITests;
			productName = Demo_BackgroundFetchUITests;
			productReference = 4E0D07AF1D8E8840009C7FA9 /* Demo_BackgroundFetchUITests.xctest */;
			productType = "com.apple.product-type.bundle.ui-testing";
		};
/* End PBXNativeTarget section */

/* Begin PBXProject section */
		4E0D07831D8E8840009C7FA9 /* Project object */ = {
			isa = PBXProject;
			attributes = {
				LastUpgradeCheck = 0710;
				ORGANIZATIONNAME = "孙立强";
				TargetAttributes = {
					4E0D078A1D8E8840009C7FA9 = {
						CreatedOnToolsVersion = 7.1;
						SystemCapabilities = {
							com.apple.BackgroundModes = {
								enabled = 1;
							};
						};
					};
					4E0D07A31D8E8840009C7FA9 = {
						CreatedOnToolsVersion = 7.1;
						TestTargetID = 4E0D078A1D8E8840009C7FA9;
					};
					4E0D07AE1D8E8840009C7FA9 = {
						CreatedOnToolsVersion = 7.1;
						TestTargetID = 4E0D078A1D8E8840009C7FA9;
					};
				};
			};
			buildConfigurationList = 4E0D07861D8E8840009C7FA9 /* Build configuration list for PBXProject "Demo_BackgroundFetch" */;
			compatibilityVersion = "Xcode 3.2";
			developmentRegion = English;
			hasScannedForEncodings = 0;
			knownRegions = (
				en,
				Base,
			);
			mainGroup = 4E0D07821D8E8840009C7FA9;
			productRefGroup = 4E0D078C1D8E8840009C7FA9 /* Products */;
			projectDirPath = "";
			projectRoot = "";
			targets = (
				4E0D078A1D8E8840009C7FA9 /* Demo_BackgroundFetch */,
				4E0D07A31D8E8840009C7FA9 /* Demo_BackgroundFetchTests */,
				4E0D07AE1D8E8840009C7FA9 /* Demo_BackgroundFetchUITests */,
			);
		};
/* End PBXProject section */

/* Begin PBXResourcesBuildPhase section */
		4E0D07891D8E8840009C7FA9 /* Resources */ = {
			isa = PBXResourcesBuildPhase;
			buildActionMask = 2147483647;
			files = (
				4E0D079E1D8E8840009C7FA9 /* LaunchScreen.storyboard in Resources */,
				4E0D079B1D8E8840009C7FA9 /* Assets.xcassets in Resources */,
				4E0D07991D8E8840009C7FA9 /* Main.storyboard in Resources */,
			);
			runOnlyForDeploymentPostprocessing = 0;
		};
		4E0D07A21D8E8840009C7FA9 /* Resources */ = {
			isa = PBXResourcesBuildPhase;
			buildActionMask = 2147483647;
			files = (
			);
			runOnlyForDeploymentPostprocessing = 0;
		};
		4E0D07AD1D8E8840009C7FA9 /* Resources */ = {
			isa = PBXResourcesBuildPhase;
			buildActionMask = 2147483647;
			files = (
			);
			runOnlyForDeploymentPostprocessing = 0;
		};
/* End PBXResourcesBuildPhase section */

/* Begin PBXSourcesBuildPhase section */
		4E0D07871D8E8840009C7FA9 /* Sources */ = {
			isa = PBXSourcesBuildPhase;
			buildActionMask = 2147483647;
			files = (
				4E0D07961D8E8840009C7FA9 /* ViewController.m in Sources */,
				4E0D07931D8E8840009C7FA9 /* AppDelegate.m in Sources */,
				4E0D07901D8E8840009C7FA9 /* main.m in Sources */,
			);
			runOnlyForDeploymentPostprocessing = 0;
		};
		4E0D07A01D8E8840009C7FA9 /* Sources */ = {
			isa = PBXSourcesBuildPhase;
			buildActionMask = 2147483647;
			files = (
				4E0D07A91D8E8840009C7FA9 /* Demo_BackgroundFetchTests.m in Sources */,
			);
			runOnlyForDeploymentPostprocessing = 0;
		};
		4E0D07AB1D8E8840009C7FA9 /* Sources */ = {
			isa = PBXSourcesBuildPhase;
			buildActionMask = 2147483647;
			files = (
				4E0D07B41D8E8840009C7FA9 /* Demo_BackgroundFetchUITests.m in Sources */,
			);
			runOnlyForDeploymentPostprocessing = 0;
		};
/* End PBXSourcesBuildPhase section */

/* Begin PBXTargetDependency section */
		4E0D07A61D8E8840009C7FA9 /* PBXTargetDependency */ = {
			isa = PBXTargetDependency;
			target = 4E0D078A1D8E8840009C7FA9 /* Demo_BackgroundFetch */;
			targetProxy = 4E0D07A51D8E8840009C7FA9 /* PBXContainerItemProxy */;
		};
		4E0D07B11D8E8840009C7FA9 /* PBXTargetDependency */ = {
			isa = PBXTargetDependency;
			target = 4E0D078A1D8E8840009C7FA9 /* Demo_BackgroundFetch */;
			targetProxy = 4E0D07B01D8E8840009C7FA9 /* PBXContainerItemProxy */;
		};
/* End PBXTargetDependency section */

/* Begin PBXVariantGroup section */
		4E0D07971D8E8840009C7FA9 /* Main.storyboard */ = {
			isa = PBXVariantGroup;
			children = (
				4E0D07981D8E8840009C7FA9 /* Base */,
			);
			name = Main.storyboard;
			sourceTree = "<group>";
		};
		4E0D079C1D8E8840009C7FA9 /* LaunchScreen.storyboard */ = {
			isa = PBXVariantGroup;
			children = (
				4E0D079D1D8E8840009C7FA9 /* Base */,
			);
			name = LaunchScreen.storyboard;
			sourceTree = "<group>";
		};
/* End PBXVariantGroup section */

/* Begin XCBuildConfiguration section */
		4E0D07B61D8E8840009C7FA9 /* Debug */ = {
			isa = XCBuildConfiguration;
			buildSettings = {
				ALWAYS_SEARCH_USER_PATHS = NO;
				CLANG_CXX_LANGUAGE_STANDARD = "gnu++0x";
				CLANG_CXX_LIBRARY = "libc++";
				CLANG_ENABLE_MODULES = YES;
				CLANG_ENABLE_OBJC_ARC = YES;
				CLANG_WARN_BOOL_CONVERSION = YES;
				CLANG_WARN_CONSTANT_CONVERSION = YES;
				CLANG_WARN_DIRECT_OBJC_ISA_USAGE = YES_ERROR;
				CLANG_WARN_EMPTY_BODY = YES;
				CLANG_WARN_ENUM_CONVERSION = YES;
				CLANG_WARN_INT_CONVERSION = YES;
				CLANG_WARN_OBJC_ROOT_CLASS = YES_ERROR;
				CLANG_WARN_UNREACHABLE_CODE = YES;
				CLANG_WARN__DUPLICATE_METHOD_MATCH = YES;
				"CODE_SIGN_IDENTITY[sdk=iphoneos*]" = "iPhone Developer";
				COPY_PHASE_STRIP = NO;
				DEBUG_INFORMATION_FORMAT = dwarf;
				ENABLE_STRICT_OBJC_MSGSEND = YES;
				ENABLE_TESTABILITY = YES;
				GCC_C_LANGUAGE_STANDARD = gnu99;
				GCC_DYNAMIC_NO_PIC = NO;
				GCC_NO_COMMON_BLOCKS = YES;
				GCC_OPTIMIZATION_LEVEL = 0;
				GCC_PREPROCESSOR_DEFINITIONS = (
					"DEBUG=1",
					"$(inherited)",
				);
				GCC_WARN_64_TO_32_BIT_CONVERSION = YES;
				GCC_WARN_ABOUT_RETURN_TYPE = YES_ERROR;
				GCC_WARN_UNDECLARED_SELECTOR = YES;
				GCC_WARN_UNINITIALIZED_AUTOS = YES_AGGRESSIVE;
				GCC_WARN_UNUSED_FUNCTION = YES;
				GCC_WARN_UNUSED_VARIABLE = YES;
				IPHONEOS_DEPLOYMENT_TARGET = 9.1;
				MTL_ENABLE_DEBUG_INFO = YES;
				ONLY_ACTIVE_ARCH = YES;
				SDKROOT = iphoneos;
				TARGETED_DEVICE_FAMILY = "1,2";
			};
			name = Debug;
		};
		4E0D07B71D8E8840009C7FA9 /* Release */ = {
			isa = XCBuildConfiguration;
			buildSettings = {
				ALWAYS_SEARCH_USER_PATHS = NO;
				CLANG_CXX_LANGUAGE_STANDARD = "gnu++0x";
				CLANG_CXX_LIBRARY = "libc++";
				CLANG_ENABLE_MODULES = YES;
				CLANG_ENABLE_OBJC_ARC = YES;
				CLANG_WARN_BOOL_CONVERSION = YES;
				CLANG_WARN_CONSTANT_CONVERSION = YES;
				CLANG_WARN_DIRECT_OBJC_ISA_USAGE = YES_ERROR;
				CLANG_WARN_EMPTY_BODY = YES;
				CLANG_WARN_ENUM_CONVERSION = YES;
				CLANG_WARN_INT_CONVERSION = YES;
				CLANG_WARN_OBJC_ROOT_CLASS = YES_ERROR;
				CLANG_WARN_UNREACHABLE_CODE = YES;
				CLANG_WARN__DUPLICATE_METHOD_MATCH = YES;
				"CODE_SIGN_IDENTITY[sdk=iphoneos*]" = "iPhone Developer";
				COPY_PHASE_STRIP = NO;
				DEBUG_INFORMATION_FORMAT = "dwarf-with-dsym";
				ENABLE_NS_ASSERTIONS = NO;
				ENABLE_STRICT_OBJC_MSGSEND = YES;
				GCC_C_LANGUAGE_STANDARD = gnu99;
				GCC_NO_COMMON_BLOCKS = YES;
				GCC_WARN_64_TO_32_BIT_CONVERSION = YES;
				GCC_WARN_ABOUT_RETURN_TYPE = YES_ERROR;
				GCC_WARN_UNDECLARED_SELECTOR = YES;
				GCC_WARN_UNINITIALIZED_AUTOS = YES_AGGRESSIVE;
				GCC_WARN_UNUSED_FUNCTION = YES;
				GCC_WARN_UNUSED_VARIABLE = YES;
				IPHONEOS_DEPLOYMENT_TARGET = 9.1;
				MTL_ENABLE_DEBUG_INFO = NO;
				SDKROOT = iphoneos;
				TARGETED_DEVICE_FAMILY = "1,2";
				VALIDATE_PRODUCT = YES;
			};
			name = Release;
		};
		4E0D07B91D8E8840009C7FA9 /* Debug */ = {
			isa = XCBuildConfiguration;
			buildSettings = {
				ASSETCATALOG_COMPILER_APPICON_NAME = AppIcon;
				INFOPLIST_FILE = Demo_BackgroundFetch/Info.plist;
				LD_RUNPATH_SEARCH_PATHS = "$(inherited) @executable_path/Frameworks";
				PRODUCT_BUNDLE_IDENTIFIER = "SU.Demo-BackgroundFetch";
				PRODUCT_NAME = "$(TARGET_NAME)";
			};
			name = Debug;
		};
		4E0D07BA1D8E8840009C7FA9 /* Release */ = {
			isa = XCBuildConfiguration;
			buildSettings = {
				ASSETCATALOG_COMPILER_APPICON_NAME = AppIcon;
				INFOPLIST_FILE = Demo_BackgroundFetch/Info.plist;
				LD_RUNPATH_SEARCH_PATHS = "$(inherited) @executable_path/Frameworks";
				PRODUCT_BUNDLE_IDENTIFIER = "SU.Demo-BackgroundFetch";
				PRODUCT_NAME = "$(TARGET_NAME)";
			};
			name = Release;
		};
		4E0D07BC1D8E8840009C7FA9 /* Debug */ = {
			isa = XCBuildConfiguration;
			buildSettings = {
				BUNDLE_LOADER = "$(TEST_HOST)";
				INFOPLIST_FILE = Demo_BackgroundFetchTests/Info.plist;
				LD_RUNPATH_SEARCH_PATHS = "$(inherited) @executable_path/Frameworks @loader_path/Frameworks";
				PRODUCT_BUNDLE_IDENTIFIER = "SU.Demo-BackgroundFetchTests";
				PRODUCT_NAME = "$(TARGET_NAME)";
				TEST_HOST = "$(BUILT_PRODUCTS_DIR)/Demo_BackgroundFetch.app/Demo_BackgroundFetch";
			};
			name = Debug;
		};
		4E0D07BD1D8E8840009C7FA9 /* Release */ = {
			isa = XCBuildConfiguration;
			buildSettings = {
				BUNDLE_LOADER = "$(TEST_HOST)";
				INFOPLIST_FILE = Demo_BackgroundFetchTests/Info.plist;
				LD_RUNPATH_SEARCH_PATHS = "$(inherited) @executable_path/Frameworks @loader_path/Frameworks";
				PRODUCT_BUNDLE_IDENTIFIER = "SU.Demo-BackgroundFetchTests";
				PRODUCT_NAME = "$(TARGET_NAME)";
				TEST_HOST = "$(BUILT_PRODUCTS_DIR)/Demo_BackgroundFetch.app/Demo_BackgroundFetch";
			};
			name = Release;
		};
		4E0D07BF1D8E8840009C7FA9 /* Debug */ = {
			isa = XCBuildConfiguration;
			buildSettings = {
				INFOPLIST_FILE = Demo_BackgroundFetchUITests/Info.plist;
				LD_RUNPATH_SEARCH_PATHS = "$(inherited) @executable_path/Frameworks @loader_path/Frameworks";
				PRODUCT_BUNDLE_IDENTIFIER = "SU.Demo-BackgroundFetchUITests";
				PRODUCT_NAME = "$(TARGET_NAME)";
				TEST_TARGET_NAME = Demo_BackgroundFetch;
				USES_XCTRUNNER = YES;
			};
			name = Debug;
		};
		4E0D07C01D8E8840009C7FA9 /* Release */ = {
			isa = XCBuildConfiguration;
			buildSettings = {
				INFOPLIST_FILE = Demo_BackgroundFetchUITests/Info.plist;
				LD_RUNPATH_SEARCH_PATHS = "$(inherited) @executable_path/Frameworks @loader_path/Frameworks";
				PRODUCT_BUNDLE_IDENTIFIER = "SU.Demo-BackgroundFetchUITests";
				PRODUCT_NAME = "$(TARGET_NAME)";
				TEST_TARGET_NAME = Demo_BackgroundFetch;
				USES_XCTRUNNER = YES;
			};
			name = Release;
		};
/* End XCBuildConfiguration section */

/* Begin XCConfigurationList section */
		4E0D07861D8E8840009C7FA9 /* Build configuration list for PBXProject "Demo_BackgroundFetch" */ = {
			isa = XCConfigurationList;
			buildConfigurations = (
				4E0D07B61D8E8840009C7FA9 /* Debug */,
				4E0D07B71D8E8840009C7FA9 /* Release */,
			);
			defaultConfigurationIsVisible = 0;
			defaultConfigurationName = Release;
		};
		4E0D07B81D8E8840009C7FA9 /* Build configuration list for PBXNativeTarget "Demo_BackgroundFetch" */ = {
			isa = XCConfigurationList;
			buildConfigurations = (
				4E0D07B91D8E8840009C7FA9 /* Debug */,
				4E0D07BA1D8E8840009C7FA9 /* Release */,
			);
			defaultConfigurationIsVisible = 0;
		};
		4E0D07BB1D8E8840009C7FA9 /* Build configuration list for PBXNativeTarget "Demo_BackgroundFetchTests" */ = {
			isa = XCConfigurationList;
			buildConfigurations = (
				4E0D07BC1D8E8840009C7FA9 /* Debug */,
				4E0D07BD1D8E8840009C7FA9 /* Release */,
			);
			defaultConfigurationIsVisible = 0;
		};
		4E0D07BE1D8E8840009C7FA9 /* Build configuration list for PBXNativeTarget "Demo_BackgroundFetchUITests" */ = {
			isa = XCConfigurationList;
			buildConfigurations = (
				4E0D07BF1D8E8840009C7FA9 /* Debug */,
				4E0D07C01D8E8840009C7FA9 /* Release */,
			);
			defaultConfigurationIsVisible = 0;
		};
/* End XCConfigurationList section */
	};
	rootObject = 4E0D07831D8E8840009C7FA9 /* Project object */;
}
